{
  "name": "dbms-project",
  "version": "1.0.0",
  "lockfileVersion": 2,
  "requires": true,
  "packages": {
    "": {
      "name": "dbms-project",
      "version": "1.0.0",
      "license": "ISC",
      "dependencies": {
        "progress-tracker": "^2.0.7"
      }
    },
    "node_modules/progress-tracker": {
      "version": "2.0.7",
      "resolved": "https://registry.npmjs.org/progress-tracker/-/progress-tracker-2.0.7.tgz",
      "integrity": "sha512-zGgaEx4+lgDefdJRiyCeWH/6Pt57G8bU4cncn/fvubMgS837209355yHjHI7/ibbNP5JYrI2BbB/JUTlThiu7Q==",
      "engines": {
        "node": ">=4"
      }
    }
  },
  "dependencies": {
    "progress-tracker": {
      "version": "2.0.7",
      "resolved": "https://registry.npmjs.org/progress-tracker/-/progress-tracker-2.0.7.tgz",
      "integrity": "sha512-zGgaEx4+lgDefdJRiyCeWH/6Pt57G8bU4cncn/fvubMgS837209355yHjHI7/ibbNP5JYrI2BbB/JUTlThiu7Q=="
    }
  }
}
